// !$*UTF8*$!
{
	archiveVersion = 1;
	classes = {
	};
	objectVersion = 50;
	objects = {

/* Begin PBXBuildFile section */
		660135D6283FC68B0071D7BE /* ManegentTableViewCell.swift in Sources */ = {isa = PBXBuildFile; fileRef = 660135D5283FC68B0071D7BE /* ManegentTableViewCell.swift */; };
		660438412839252400AF8C0B /* AppDelegate.swift in Sources */ = {isa = PBXBuildFile; fileRef = 660438402839252400AF8C0B /* AppDelegate.swift */; };
		660438432839252400AF8C0B /* ViewController.swift in Sources */ = {isa = PBXBuildFile; fileRef = 660438422839252400AF8C0B /* ViewController.swift */; };
		660438462839252400AF8C0B /* Main.storyboard in Resources */ = {isa = PBXBuildFile; fileRef = 660438442839252400AF8C0B /* Main.storyboard */; };
		6604384B2839252900AF8C0B /* LaunchScreen.storyboard in Resources */ = {isa = PBXBuildFile; fileRef = 660438492839252900AF8C0B /* LaunchScreen.storyboard */; };
		660438562839252900AF8C0B /* PatinentManagementTests.swift in Sources */ = {isa = PBXBuildFile; fileRef = 660438552839252900AF8C0B /* PatinentManagementTests.swift */; };
		660C7BE128393A2F0018798C /* Assets.xcassets in Resources */ = {isa = PBXBuildFile; fileRef = 660438472839252900AF8C0B /* Assets.xcassets */; };
		660C7BE328393B690018798C /* RegisterController.swift in Sources */ = {isa = PBXBuildFile; fileRef = 660C7BE228393B690018798C /* RegisterController.swift */; };
		660C7BE528393C070018798C /* RegesternController.swift in Sources */ = {isa = PBXBuildFile; fileRef = 660C7BE428393C070018798C /* RegesternController.swift */; };
		6617C4CA283F600000F02550 /* LoginViewController.swift in Sources */ = {isa = PBXBuildFile; fileRef = 6617C4C9283F600000F02550 /* LoginViewController.swift */; };
		6617C4D3283F66C700F02550 /* ManagentViewController.swift in Sources */ = {isa = PBXBuildFile; fileRef = 6617C4D2283F66C700F02550 /* ManagentViewController.swift */; };
		6617C4D6283F6AC800F02550 /* Manage.swift in Sources */ = {isa = PBXBuildFile; fileRef = 6617C4D5283F6AC800F02550 /* Manage.swift */; };
		6617C4D8283F6D5000F02550 /* ManagentTableViewController.swift in Sources */ = {isa = PBXBuildFile; fileRef = 6617C4D7283F6D5000F02550 /* ManagentTableViewController.swift */; };
		6617C4DB283F73B900F02550 /* ManagentTableViewCell.swift in Sources */ = {isa = PBXBuildFile; fileRef = 6617C4DA283F73B900F02550 /* ManagentTableViewCell.swift */; };
/* End PBXBuildFile section */

/* Begin PBXContainerItemProxy section */
		660438522839252900AF8C0B /* PBXContainerItemProxy */ = {
			isa = PBXContainerItemProxy;
			containerPortal = 660438352839252400AF8C0B /* Project object */;
			proxyType = 1;
			remoteGlobalIDString = 6604383C2839252400AF8C0B;
			remoteInfo = PatinentManagement;
		};
/* End PBXContainerItemProxy section */

/* Begin PBXFileReference section */
		660135D5283FC68B0071D7BE /* ManegentTableViewCell.swift */ = {isa = PBXFileReference; lastKnownFileType = sourcecode.swift; path = ManegentTableViewCell.swift; sourceTree = "<group>"; };
		6604383D2839252400AF8C0B /* PatinentManagement.app */ = {isa = PBXFileReference; explicitFileType = wrapper.application; includeInIndex = 0; path = PatinentManagement.app; sourceTree = BUILT_PRODUCTS_DIR; };
		660438402839252400AF8C0B /* AppDelegate.swift */ = {isa = PBXFileReference; lastKnownFileType = sourcecode.swift; path = AppDelegate.swift; sourceTree = "<group>"; };
		660438422839252400AF8C0B /* ViewController.swift */ = {isa = PBXFileReference; lastKnownFileType = sourcecode.swift; path = ViewController.swift; sourceTree = "<group>"; };
		660438452839252400AF8C0B /* Base */ = {isa = PBXFileReference; lastKnownFileType = file.storyboard; name = Base; path = Base.lproj/Main.storyboard; sourceTree = "<group>"; };
		660438472839252900AF8C0B /* Assets.xcassets */ = {isa = PBXFileReference; lastKnownFileType = folder.assetcatalog; path = Assets.xcassets; sourceTree = "<group>"; };
		6604384A2839252900AF8C0B /* Base */ = {isa = PBXFileReference; lastKnownFileType = file.storyboard; name = Base; path = Base.lproj/LaunchScreen.storyboard; sourceTree = "<group>"; };
		6604384C2839252900AF8C0B /* Info.plist */ = {isa = PBXFileReference; lastKnownFileType = text.plist.xml; path = Info.plist; sourceTree = "<group>"; };
		660438512839252900AF8C0B /* PatinentManagementTests.xctest */ = {isa = PBXFileReference; explicitFileType = wrapper.cfbundle; includeInIndex = 0; path = PatinentManagementTests.xctest; sourceTree = BUILT_PRODUCTS_DIR; };
		660438552839252900AF8C0B /* PatinentManagementTests.swift */ = {isa = PBXFileReference; lastKnownFileType = sourcecode.swift; path = PatinentManagementTests.swift; sourceTree = "<group>"; };
		660438572839252900AF8C0B /* Info.plist */ = {isa = PBXFileReference; lastKnownFileType = text.plist.xml; path = Info.plist; sourceTree = "<group>"; };
		660C7BE228393B690018798C /* RegisterController.swift */ = {isa = PBXFileReference; lastKnownFileType = sourcecode.swift; path = RegisterController.swift; sourceTree = "<group>"; };
		660C7BE428393C070018798C /* RegesternController.swift */ = {isa = PBXFileReference; lastKnownFileType = sourcecode.swift; path = RegesternController.swift; sourceTree = "<group>"; };
		6617C4C9283F600000F02550 /* LoginViewController.swift */ = {isa = PBXFileReference; lastKnownFileType = sourcecode.swift; path = LoginViewController.swift; sourceTree = "<group>"; };
		6617C4D2283F66C700F02550 /* ManagentViewController.swift */ = {isa = PBXFileReference; lastKnownFileType = sourcecode.swift; path = ManagentViewController.swift; sourceTree = "<group>"; };
		6617C4D5283F6AC800F02550 /* Manage.swift */ = {isa = PBXFileReference; lastKnownFileType = sourcecode.swift; path = Manage.swift; sourceTree = "<group>"; };
		6617C4D7283F6D5000F02550 /* ManagentTableViewController.swift */ = {isa = PBXFileReference; lastKnownFileType = sourcecode.swift; path = ManagentTableViewController.swift; sourceTree = "<group>"; };
		6617C4DA283F73B900F02550 /* ManagentTableViewCell.swift */ = {isa = PBXFileReference; lastKnownFileType = sourcecode.swift; path = ManagentTableViewCell.swift; sourceTree = "<group>"; };
/* End PBXFileReference section */

/* Begin PBXFrameworksBuildPhase section */
		6604383A2839252400AF8C0B /* Frameworks */ = {
			isa = PBXFrameworksBuildPhase;
			buildActionMask = 2147483647;
			files = (
			);
			runOnlyForDeploymentPostprocessing = 0;
		};
		6604384E2839252900AF8C0B /* Frameworks */ = {
			isa = PBXFrameworksBuildPhase;
			buildActionMask = 2147483647;
			files = (
			);
			runOnlyForDeploymentPostprocessing = 0;
		};
/* End PBXFrameworksBuildPhase section */

/* Begin PBXGroup section */
		660135D4283FC6320071D7BE /* Controlls */ = {
			isa = PBXGroup;
			children = (
				660135D5283FC68B0071D7BE /* ManegentTableViewCell.swift */,
			);
			path = Controlls;
			sourceTree = "<group>";
		};
		660438342839252400AF8C0B = {
			isa = PBXGroup;
			children = (
				6604383F2839252400AF8C0B /* PatinentManagement */,
				6617C4CB283F600E00F02550 /* Controls */,
				660135D4283FC6320071D7BE /* Controlls */,
				660C7C15283948050018798C /* System File */,
				6617C4D4283F6A5E00F02550 /* DataModels */,
				660438542839252900AF8C0B /* PatinentManagementTests */,
				6604383E2839252400AF8C0B /* Products */,
			);
			sourceTree = "<group>";
		};
		6604383E2839252400AF8C0B /* Products */ = {
			isa = PBXGroup;
			children = (
				6604383D2839252400AF8C0B /* PatinentManagement.app */,
				660438512839252900AF8C0B /* PatinentManagementTests.xctest */,
			);
			name = Products;
			sourceTree = "<group>";
		};
		6604383F2839252400AF8C0B /* PatinentManagement */ = {
			isa = PBXGroup;
			children = (
				660438422839252400AF8C0B /* ViewController.swift */,
				6617C4D7283F6D5000F02550 /* ManagentTableViewController.swift */,
				660438442839252400AF8C0B /* Main.storyboard */,
				660C7BE228393B690018798C /* RegisterController.swift */,
				660C7BE428393C070018798C /* RegesternController.swift */,
				6617C4C9283F600000F02550 /* LoginViewController.swift */,
				6617C4D2283F66C700F02550 /* ManagentViewController.swift */,
			);
			path = PatinentManagement;
			sourceTree = "<group>";
		};
		660438542839252900AF8C0B /* PatinentManagementTests */ = {
			isa = PBXGroup;
			children = (
				660438552839252900AF8C0B /* PatinentManagementTests.swift */,
				660438572839252900AF8C0B /* Info.plist */,
			);
			path = PatinentManagementTests;
			sourceTree = "<group>";
		};
		660C7C15283948050018798C /* System File */ = {
			isa = PBXGroup;
			children = (
				660438402839252400AF8C0B /* AppDelegate.swift */,
				660438472839252900AF8C0B /* Assets.xcassets */,
				660438492839252900AF8C0B /* LaunchScreen.storyboard */,
				6604384C2839252900AF8C0B /* Info.plist */,
			);
			name = "System File";
			path = PatinentManagement;
			sourceTree = "<group>";
		};
		6617C4CB283F600E00F02550 /* Controls */ = {
			isa = PBXGroup;
			children = (
				6617C4DA283F73B900F02550 /* ManagentTableViewCell.swift */,
			);
			name = Controls;
			path = PatinentManagement/Controls;
			sourceTree = "<group>";
		};
		6617C4D4283F6A5E00F02550 /* DataModels */ = {
			isa = PBXGroup;
			children = (
				6617C4D5283F6AC800F02550 /* Manage.swift */,
			);
			name = DataModels;
			path = PatinentManagement;
			sourceTree = "<group>";
		};
/* End PBXGroup section */

/* Begin PBXNativeTarget section */
		6604383C2839252400AF8C0B /* PatinentManagement */ = {
			isa = PBXNativeTarget;
			buildConfigurationList = 6604385A2839252900AF8C0B /* Build configuration list for PBXNativeTarget "PatinentManagement" */;
			buildPhases = (
				660438392839252400AF8C0B /* Sources */,
				6604383A2839252400AF8C0B /* Frameworks */,
				6604383B2839252400AF8C0B /* Resources */,
			);
			buildRules = (
			);
			dependencies = (
			);
			name = PatinentManagement;
			productName = PatinentManagement;
			productReference = 6604383D2839252400AF8C0B /* PatinentManagement.app */;
			productType = "com.apple.product-type.application";
		};
		660438502839252900AF8C0B /* PatinentManagementTests */ = {
			isa = PBXNativeTarget;
			buildConfigurationList = 6604385D2839252900AF8C0B /* Build configuration list for PBXNativeTarget "PatinentManagementTests" */;
			buildPhases = (
				6604384D2839252900AF8C0B /* Sources */,
				6604384E2839252900AF8C0B /* Frameworks */,
				6604384F2839252900AF8C0B /* Resources */,
			);
			buildRules = (
			);
			dependencies = (
				660438532839252900AF8C0B /* PBXTargetDependency */,
			);
			name = PatinentManagementTests;
			productName = PatinentManagementTests;
			productReference = 660438512839252900AF8C0B /* PatinentManagementTests.xctest */;
			productType = "com.apple.product-type.bundle.unit-test";
		};
/* End PBXNativeTarget section */

/* Begin PBXProject section */
		660438352839252400AF8C0B /* Project object */ = {
			isa = PBXProject;
			attributes = {
				LastSwiftUpdateCheck = 1030;
				LastUpgradeCheck = 1030;
				ORGANIZATIONNAME = fit.tdc;
				TargetAttributes = {
					6604383C2839252400AF8C0B = {
						CreatedOnToolsVersion = 10.3;
					};
					660438502839252900AF8C0B = {
						CreatedOnToolsVersion = 10.3;
						TestTargetID = 6604383C2839252400AF8C0B;
					};
				};
			};
			buildConfigurationList = 660438382839252400AF8C0B /* Build configuration list for PBXProject "PatinentManagement" */;
			compatibilityVersion = "Xcode 9.3";
			developmentRegion = en;
			hasScannedForEncodings = 0;
			knownRegions = (
				en,
				Base,
			);
			mainGroup = 660438342839252400AF8C0B;
			productRefGroup = 6604383E2839252400AF8C0B /* Products */;
			projectDirPath = "";
			projectRoot = "";
			targets = (
				6604383C2839252400AF8C0B /* PatinentManagement */,
				660438502839252900AF8C0B /* PatinentManagementTests */,
			);
		};
/* End PBXProject section */

/* Begin PBXResourcesBuildPhase section */
		6604383B2839252400AF8C0B /* Resources */ = {
			isa = PBXResourcesBuildPhase;
			buildActionMask = 2147483647;
			files = (
				6604384B2839252900AF8C0B /* LaunchScreen.storyboard in Resources */,
				660C7BE128393A2F0018798C /* Assets.xcassets in Resources */,
				660438462839252400AF8C0B /* Main.storyboard in Resources */,
			);
			runOnlyForDeploymentPostprocessing = 0;
		};
		6604384F2839252900AF8C0B /* Resources */ = {
			isa = PBXResourcesBuildPhase;
			buildActionMask = 2147483647;
			files = (
			);
			runOnlyForDeploymentPostprocessing = 0;
		};
/* End PBXResourcesBuildPhase section */

/* Begin PBXSourcesBuildPhase section */
		660438392839252400AF8C0B /* Sources */ = {
			isa = PBXSourcesBuildPhase;
			buildActionMask = 2147483647;
			files = (
				6617C4DB283F73B900F02550 /* ManagentTableViewCell.swift in Sources */,
				660438432839252400AF8C0B /* ViewController.swift in Sources */,
				6617C4D3283F66C700F02550 /* ManagentViewController.swift in Sources */,
				6617C4D8283F6D5000F02550 /* ManagentTableViewController.swift in Sources */,
				660438412839252400AF8C0B /* AppDelegate.swift in Sources */,
				6617C4D6283F6AC800F02550 /* Manage.swift in Sources */,
				660135D6283FC68B0071D7BE /* ManegentTableViewCell.swift in Sources */,
				660C7BE328393B690018798C /* RegisterController.swift in Sources */,
				6617C4CA283F600000F02550 /* LoginViewController.swift in Sources */,
				660C7BE528393C070018798C /* RegesternController.swift in Sources */,
			);
			runOnlyForDeploymentPostprocessing = 0;
		};
		6604384D2839252900AF8C0B /* Sources */ = {
			isa = PBXSourcesBuildPhase;
			buildActionMask = 2147483647;
			files = (
				660438562839252900AF8C0B /* PatinentManagementTests.swift in Sources */,
			);
			runOnlyForDeploymentPostprocessing = 0;
		};
/* End PBXSourcesBuildPhase section */

/* Begin PBXTargetDependency section */
		660438532839252900AF8C0B /* PBXTargetDependency */ = {
			isa = PBXTargetDependency;
			target = 6604383C2839252400AF8C0B /* PatinentManagement */;
			targetProxy = 660438522839252900AF8C0B /* PBXContainerItemProxy */;
		};
/* End PBXTargetDependency section */

/* Begin PBXVariantGroup section */
		660438442839252400AF8C0B /* Main.storyboard */ = {
			isa = PBXVariantGroup;
			children = (
				660438452839252400AF8C0B /* Base */,
			);
			name = Main.storyboard;
			sourceTree = "<group>";
		};
		660438492839252900AF8C0B /* LaunchScreen.storyboard */ = {
			isa = PBXVariantGroup;
			children = (
				6604384A2839252900AF8C0B /* Base */,
			);
			name = LaunchScreen.storyboard;
			sourceTree = "<group>";
		};
/* End PBXVariantGroup section */

/* Begin XCBuildConfiguration section */
		660438582839252900AF8C0B /* Debug */ = {
			isa = XCBuildConfiguration;
			buildSettings = {
				ALWAYS_SEARCH_USER_PATHS = NO;
				CLANG_ANALYZER_NONNULL = YES;
				CLANG_ANALYZER_NUMBER_OBJECT_CONVERSION = YES_AGGRESSIVE;
				CLANG_CXX_LANGUAGE_STANDARD = "gnu++14";
				CLANG_CXX_LIBRARY = "libc++";
				CLANG_ENABLE_MODULES = YES;
				CLANG_ENABLE_OBJC_ARC = YES;
				CLANG_ENABLE_OBJC_WEAK = YES;
				CLANG_WARN_BLOCK_CAPTURE_AUTORELEASING = YES;
				CLANG_WARN_BOOL_CONVERSION = YES;
				CLANG_WARN_COMMA = YES;
				CLANG_WARN_CONSTANT_CONVERSION = YES;
				CLANG_WARN_DEPRECATED_OBJC_IMPLEMENTATIONS = YES;
				CLANG_WARN_DIRECT_OBJC_ISA_USAGE = YES_ERROR;
				CLANG_WARN_DOCUMENTATION_COMMENTS = YES;
				CLANG_WARN_EMPTY_BODY = YES;
				CLANG_WARN_ENUM_CONVERSION = YES;
				CLANG_WARN_INFINITE_RECURSION = YES;
				CLANG_WARN_INT_CONVERSION = YES;
				CLANG_WARN_NON_LITERAL_NULL_CONVERSION = YES;
				CLANG_WARN_OBJC_IMPLICIT_RETAIN_SELF = YES;
				CLANG_WARN_OBJC_LITERAL_CONVERSION = YES;
				CLANG_WARN_OBJC_ROOT_CLASS = YES_ERROR;
				CLANG_WARN_RANGE_LOOP_ANALYSIS = YES;
				CLANG_WARN_STRICT_PROTOTYPES = YES;
				CLANG_WARN_SUSPICIOUS_MOVE = YES;
				CLANG_WARN_UNGUARDED_AVAILABILITY = YES_AGGRESSIVE;
				CLANG_WARN_UNREACHABLE_CODE = YES;
				CLANG_WARN__DUPLICATE_METHOD_MATCH = YES;
				CODE_SIGN_IDENTITY = "iPhone Developer";
				COPY_PHASE_STRIP = NO;
				DEBUG_INFORMATION_FORMAT = dwarf;
				ENABLE_STRICT_OBJC_MSGSEND = YES;
				ENABLE_TESTABILITY = YES;
				GCC_C_LANGUAGE_STANDARD = gnu11;
				GCC_DYNAMIC_NO_PIC = NO;
				GCC_NO_COMMON_BLOCKS = YES;
				GCC_OPTIMIZATION_LEVEL = 0;
				GCC_PREPROCESSOR_DEFINITIONS = (
					"DEBUG=1",
					"$(inherited)",
				);
				GCC_WARN_64_TO_32_BIT_CONVERSION = YES;
				GCC_WARN_ABOUT_RETURN_TYPE = YES_ERROR;
				GCC_WARN_UNDECLARED_SELECTOR = YES;
				GCC_WARN_UNINITIALIZED_AUTOS = YES_AGGRESSIVE;
				GCC_WARN_UNUSED_FUNCTION = YES;
				GCC_WARN_UNUSED_VARIABLE = YES;
				IPHONEOS_DEPLOYMENT_TARGET = 12.4;
				MTL_ENABLE_DEBUG_INFO = INCLUDE_SOURCE;
				MTL_FAST_MATH = YES;
				ONLY_ACTIVE_ARCH = YES;
				SDKROOT = iphoneos;
				SWIFT_ACTIVE_COMPILATION_CONDITIONS = DEBUG;
				SWIFT_OPTIMIZATION_LEVEL = "-Onone";
			};
			name = Debug;
		};
		660438592839252900AF8C0B /* Release */ = {
			isa = XCBuildConfiguration;
			buildSettings = {
				ALWAYS_SEARCH_USER_PATHS = NO;
				CLANG_ANALYZER_NONNULL = YES;
				CLANG_ANALYZER_NUMBER_OBJECT_CONVERSION = YES_AGGRESSIVE;
				CLANG_CXX_LANGUAGE_STANDARD = "gnu++14";
				CLANG_CXX_LIBRARY = "libc++";
				CLANG_ENABLE_MODULES = YES;
				CLANG_ENABLE_OBJC_ARC = YES;
				CLANG_ENABLE_OBJC_WEAK = YES;
				CLANG_WARN_BLOCK_CAPTURE_AUTORELEASING = YES;
				CLANG_WARN_BOOL_CONVERSION = YES;
				CLANG_WARN_COMMA = YES;
				CLANG_WARN_CONSTANT_CONVERSION = YES;
				CLANG_WARN_DEPRECATED_OBJC_IMPLEMENTATIONS = YES;
				CLANG_WARN_DIRECT_OBJC_ISA_USAGE = YES_ERROR;
				CLANG_WARN_DOCUMENTATION_COMMENTS = YES;
				CLANG_WARN_EMPTY_BODY = YES;
				CLANG_WARN_ENUM_CONVERSION = YES;
				CLANG_WARN_INFINITE_RECURSION = YES;
				CLANG_WARN_INT_CONVERSION = YES;
				CLANG_WARN_NON_LITERAL_NULL_CONVERSION = YES;
				CLANG_WARN_OBJC_IMPLICIT_RETAIN_SELF = YES;
				CLANG_WARN_OBJC_LITERAL_CONVERSION = YES;
				CLANG_WARN_OBJC_ROOT_CLASS = YES_ERROR;
				CLANG_WARN_RANGE_LOOP_ANALYSIS = YES;
				CLANG_WARN_STRICT_PROTOTYPES = YES;
				CLANG_WARN_SUSPICIOUS_MOVE = YES;
				CLANG_WARN_UNGUARDED_AVAILABILITY = YES_AGGRESSIVE;
				CLANG_WARN_UNREACHABLE_CODE = YES;
				CLANG_WARN__DUPLICATE_METHOD_MATCH = YES;
				CODE_SIGN_IDENTITY = "iPhone Developer";
				COPY_PHASE_STRIP = NO;
				DEBUG_INFORMATION_FORMAT = "dwarf-with-dsym";
				ENABLE_NS_ASSERTIONS = NO;
				ENABLE_STRICT_OBJC_MSGSEND = YES;
				GCC_C_LANGUAGE_STANDARD = gnu11;
				GCC_NO_COMMON_BLOCKS = YES;
				GCC_WARN_64_TO_32_BIT_CONVERSION = YES;
				GCC_WARN_ABOUT_RETURN_TYPE = YES_ERROR;
				GCC_WARN_UNDECLARED_SELECTOR = YES;
				GCC_WARN_UNINITIALIZED_AUTOS = YES_AGGRESSIVE;
				GCC_WARN_UNUSED_FUNCTION = YES;
				GCC_WARN_UNUSED_VARIABLE = YES;
				IPHONEOS_DEPLOYMENT_TARGET = 12.4;
				MTL_ENABLE_DEBUG_INFO = NO;
				MTL_FAST_MATH = YES;
				SDKROOT = iphoneos;
				SWIFT_COMPILATION_MODE = wholemodule;
				SWIFT_OPTIMIZATION_LEVEL = "-O";
				VALIDATE_PRODUCT = YES;
			};
			name = Release;
		};
		6604385B2839252900AF8C0B /* Debug */ = {
			isa = XCBuildConfiguration;
			buildSettings = {
				ASSETCATALOG_COMPILER_APPICON_NAME = AppIcon;
				CODE_SIGN_STYLE = Automatic;
				INFOPLIST_FILE = PatinentManagement/Info.plist;
				LD_RUNPATH_SEARCH_PATHS = (
					"$(inherited)",
					"@executable_path/Frameworks",
				);
				PRODUCT_BUNDLE_IDENTIFIER = tdc.edu.vn.PatinentManagement;
				PRODUCT_NAME = "$(TARGET_NAME)";
				SWIFT_VERSION = 5.0;
				TARGETED_DEVICE_FAMILY = "1,2";
			};
			name = Debug;
		};
		6604385C2839252900AF8C0B /* Release */ = {
			isa = XCBuildConfiguration;
			buildSettings = {
				ASSETCATALOG_COMPILER_APPICON_NAME = AppIcon;
				CODE_SIGN_STYLE = Automatic;
				INFOPLIST_FILE = PatinentManagement/Info.plist;
				LD_RUNPATH_SEARCH_PATHS = (
					"$(inherited)",
					"@executable_path/Frameworks",
				);
				PRODUCT_BUNDLE_IDENTIFIER = tdc.edu.vn.PatinentManagement;
				PRODUCT_NAME = "$(TARGET_NAME)";
				SWIFT_VERSION = 5.0;
				TARGETED_DEVICE_FAMILY = "1,2";
			};
			name = Release;
		};
		6604385E2839252900AF8C0B /* Debug */ = {
			isa = XCBuildConfiguration;
			buildSettings = {
				ALWAYS_EMBED_SWIFT_STANDARD_LIBRARIES = YES;
				BUNDLE_LOADER = "$(TEST_HOST)";
				CODE_SIGN_STYLE = Automatic;
				INFOPLIST_FILE = PatinentManagementTests/Info.plist;
				LD_RUNPATH_SEARCH_PATHS = (
					"$(inherited)",
					"@executable_path/Frameworks",
					"@loader_path/Frameworks",
				);
				PRODUCT_BUNDLE_IDENTIFIER = tdc.edu.vn.PatinentManagementTests;
				PRODUCT_NAME = "$(TARGET_NAME)";
				SWIFT_VERSION = 5.0;
				TARGETED_DEVICE_FAMILY = "1,2";
				TEST_HOST = "$(BUILT_PRODUCTS_DIR)/PatinentManagement.app/PatinentManagement";
			};
			name = Debug;
		};
		6604385F2839252900AF8C0B /* Release */ = {
			isa = XCBuildConfiguration;
			buildSettings = {
				ALWAYS_EMBED_SWIFT_STANDARD_LIBRARIES = YES;
				BUNDLE_LOADER = "$(TEST_HOST)";
				CODE_SIGN_STYLE = Automatic;
				INFOPLIST_FILE = PatinentManagementTests/Info.plist;
				LD_RUNPATH_SEARCH_PATHS = (
					"$(inherited)",
					"@executable_path/Frameworks",
					"@loader_path/Frameworks",
				);
				PRODUCT_BUNDLE_IDENTIFIER = tdc.edu.vn.PatinentManagementTests;
				PRODUCT_NAME = "$(TARGET_NAME)";
				SWIFT_VERSION = 5.0;
				TARGETED_DEVICE_FAMILY = "1,2";
				TEST_HOST = "$(BUILT_PRODUCTS_DIR)/PatinentManagement.app/PatinentManagement";
			};
			name = Release;
		};
/* End XCBuildConfiguration section */

/* Begin XCConfigurationList section */
		660438382839252400AF8C0B /* Build configuration list for PBXProject "PatinentManagement" */ = {
			isa = XCConfigurationList;
			buildConfigurations = (
				660438582839252900AF8C0B /* Debug */,
				660438592839252900AF8C0B /* Release */,
			);
			defaultConfigurationIsVisible = 0;
			defaultConfigurationName = Release;
		};
		6604385A2839252900AF8C0B /* Build configuration list for PBXNativeTarget "PatinentManagement" */ = {
			isa = XCConfigurationList;
			buildConfigurations = (
				6604385B2839252900AF8C0B /* Debug */,
				6604385C2839252900AF8C0B /* Release */,
			);
			defaultConfigurationIsVisible = 0;
			defaultConfigurationName = Release;
		};
		6604385D2839252900AF8C0B /* Build configuration list for PBXNativeTarget "PatinentManagementTests" */ = {
			isa = XCConfigurationList;
			buildConfigurations = (
				6604385E2839252900AF8C0B /* Debug */,
				6604385F2839252900AF8C0B /* Release */,
			);
			defaultConfigurationIsVisible = 0;
			defaultConfigurationName = Release;
		};
/* End XCConfigurationList section */
	};
	rootObject = 660438352839252400AF8C0B /* Project object */;
}
