// !$*UTF8*$!
{
	archiveVersion = 1;
	classes = {
	};
	objectVersion = 50;
	objects = {

/* Begin PBXBuildFile section */
		6602A5BC281B7238007ACF74 /* MealTableViewCell.swift in Sources */ = {isa = PBXBuildFile; fileRef = 6602A5BB281B7238007ACF74 /* MealTableViewCell.swift */; };
		6602A5C4281B86F6007ACF74 /* Meal.swift in Sources */ = {isa = PBXBuildFile; fileRef = 6602A5C3281B86F6007ACF74 /* Meal.swift */; };
		661A7D4427FFB69000F9BC61 /* AppDelegate.swift in Sources */ = {isa = PBXBuildFile; fileRef = 661A7D4327FFB69000F9BC61 /* AppDelegate.swift */; };
		661A7D4627FFB69000F9BC61 /* MealDetailController.swift in Sources */ = {isa = PBXBuildFile; fileRef = 661A7D4527FFB69000F9BC61 /* MealDetailController.swift */; };
		661A7D4927FFB69000F9BC61 /* Main.storyboard in Resources */ = {isa = PBXBuildFile; fileRef = 661A7D4727FFB69000F9BC61 /* Main.storyboard */; };
		661A7D4B27FFB69D00F9BC61 /* Assets.xcassets in Resources */ = {isa = PBXBuildFile; fileRef = 661A7D4A27FFB69D00F9BC61 /* Assets.xcassets */; };
		661A7D4E27FFB69D00F9BC61 /* LaunchScreen.storyboard in Resources */ = {isa = PBXBuildFile; fileRef = 661A7D4C27FFB69D00F9BC61 /* LaunchScreen.storyboard */; };
		661A7D5927FFB69D00F9BC61 /* FoodManagement2012Tests.swift in Sources */ = {isa = PBXBuildFile; fileRef = 661A7D5827FFB69D00F9BC61 /* FoodManagement2012Tests.swift */; };
		6637CC8228091B20002D0623 /* RatingControl.swift in Sources */ = {isa = PBXBuildFile; fileRef = 6637CC8128091B20002D0623 /* RatingControl.swift */; };
		665B0986281266D6004E512E /* MealTableViewController.swift in Sources */ = {isa = PBXBuildFile; fileRef = 665B0985281266D6004E512E /* MealTableViewController.swift */; };
		667A46DC2824BF6900B9CA15 /* MapController.swift in Sources */ = {isa = PBXBuildFile; fileRef = 667A46DB2824BF6900B9CA15 /* MapController.swift */; };
/* End PBXBuildFile section */

/* Begin PBXContainerItemProxy section */
		661A7D5527FFB69D00F9BC61 /* PBXContainerItemProxy */ = {
			isa = PBXContainerItemProxy;
			containerPortal = 661A7D3827FFB68F00F9BC61 /* Project object */;
			proxyType = 1;
			remoteGlobalIDString = 661A7D3F27FFB68F00F9BC61;
			remoteInfo = FoodManagement2012;
		};
/* End PBXContainerItemProxy section */

/* Begin PBXFileReference section */
		6602A5BB281B7238007ACF74 /* MealTableViewCell.swift */ = {isa = PBXFileReference; lastKnownFileType = sourcecode.swift; path = MealTableViewCell.swift; sourceTree = "<group>"; };
		6602A5C3281B86F6007ACF74 /* Meal.swift */ = {isa = PBXFileReference; lastKnownFileType = sourcecode.swift; path = Meal.swift; sourceTree = "<group>"; };
		661A7D4027FFB69000F9BC61 /* FoodManagement2012.app */ = {isa = PBXFileReference; explicitFileType = wrapper.application; includeInIndex = 0; path = FoodManagement2012.app; sourceTree = BUILT_PRODUCTS_DIR; };
		661A7D4327FFB69000F9BC61 /* AppDelegate.swift */ = {isa = PBXFileReference; lastKnownFileType = sourcecode.swift; path = AppDelegate.swift; sourceTree = "<group>"; };
		661A7D4527FFB69000F9BC61 /* MealDetailController.swift */ = {isa = PBXFileReference; lastKnownFileType = sourcecode.swift; path = MealDetailController.swift; sourceTree = "<group>"; };
		661A7D4827FFB69000F9BC61 /* Base */ = {isa = PBXFileReference; lastKnownFileType = file.storyboard; name = Base; path = Base.lproj/Main.storyboard; sourceTree = "<group>"; };
		661A7D4A27FFB69D00F9BC61 /* Assets.xcassets */ = {isa = PBXFileReference; lastKnownFileType = folder.assetcatalog; path = Assets.xcassets; sourceTree = "<group>"; };
		661A7D4D27FFB69D00F9BC61 /* Base */ = {isa = PBXFileReference; lastKnownFileType = file.storyboard; name = Base; path = Base.lproj/LaunchScreen.storyboard; sourceTree = "<group>"; };
		661A7D4F27FFB69D00F9BC61 /* Info.plist */ = {isa = PBXFileReference; lastKnownFileType = text.plist.xml; path = Info.plist; sourceTree = "<group>"; };
		661A7D5427FFB69D00F9BC61 /* FoodManagement2012Tests.xctest */ = {isa = PBXFileReference; explicitFileType = wrapper.cfbundle; includeInIndex = 0; path = FoodManagement2012Tests.xctest; sourceTree = BUILT_PRODUCTS_DIR; };
		661A7D5827FFB69D00F9BC61 /* FoodManagement2012Tests.swift */ = {isa = PBXFileReference; lastKnownFileType = sourcecode.swift; path = FoodManagement2012Tests.swift; sourceTree = "<group>"; };
		661A7D5A27FFB69D00F9BC61 /* Info.plist */ = {isa = PBXFileReference; lastKnownFileType = text.plist.xml; path = Info.plist; sourceTree = "<group>"; };
		6637CC8128091B20002D0623 /* RatingControl.swift */ = {isa = PBXFileReference; lastKnownFileType = sourcecode.swift; path = RatingControl.swift; sourceTree = "<group>"; };
		665B0985281266D6004E512E /* MealTableViewController.swift */ = {isa = PBXFileReference; lastKnownFileType = sourcecode.swift; path = MealTableViewController.swift; sourceTree = "<group>"; };
		667A46DB2824BF6900B9CA15 /* MapController.swift */ = {isa = PBXFileReference; lastKnownFileType = sourcecode.swift; path = MapController.swift; sourceTree = "<group>"; };
/* End PBXFileReference section */

/* Begin PBXFrameworksBuildPhase section */
		661A7D3D27FFB68F00F9BC61 /* Frameworks */ = {
			isa = PBXFrameworksBuildPhase;
			buildActionMask = 2147483647;
			files = (
			);
			runOnlyForDeploymentPostprocessing = 0;
		};
		661A7D5127FFB69D00F9BC61 /* Frameworks */ = {
			isa = PBXFrameworksBuildPhase;
			buildActionMask = 2147483647;
			files = (
			);
			runOnlyForDeploymentPostprocessing = 0;
		};
/* End PBXFrameworksBuildPhase section */

/* Begin PBXGroup section */
		6602A5C0281B84A0007ACF74 /* DataModels */ = {
			isa = PBXGroup;
			children = (
				6602A5C3281B86F6007ACF74 /* Meal.swift */,
			);
			path = DataModels;
			sourceTree = "<group>";
		};
		661A7D3727FFB68F00F9BC61 = {
			isa = PBXGroup;
			children = (
				661A7D4227FFB69000F9BC61 /* FoodManagement2012 */,
				661A7D5727FFB69D00F9BC61 /* FoodManagement2012Tests */,
				661A7D4127FFB69000F9BC61 /* Products */,
			);
			sourceTree = "<group>";
		};
		661A7D4127FFB69000F9BC61 /* Products */ = {
			isa = PBXGroup;
			children = (
				661A7D4027FFB69000F9BC61 /* FoodManagement2012.app */,
				661A7D5427FFB69D00F9BC61 /* FoodManagement2012Tests.xctest */,
			);
			name = Products;
			sourceTree = "<group>";
		};
		661A7D4227FFB69000F9BC61 /* FoodManagement2012 */ = {
			isa = PBXGroup;
			children = (
				6602A5C0281B84A0007ACF74 /* DataModels */,
				661A7D4527FFB69000F9BC61 /* MealDetailController.swift */,
				665B0985281266D6004E512E /* MealTableViewController.swift */,
				667A46DB2824BF6900B9CA15 /* MapController.swift */,
				661A7D4727FFB69000F9BC61 /* Main.storyboard */,
				6637CC8028091ACA002D0623 /* Controls */,
				661A7D6327FFB6FB00F9BC61 /* System file */,
			);
			path = FoodManagement2012;
			sourceTree = "<group>";
		};
		661A7D5727FFB69D00F9BC61 /* FoodManagement2012Tests */ = {
			isa = PBXGroup;
			children = (
				661A7D5827FFB69D00F9BC61 /* FoodManagement2012Tests.swift */,
				661A7D5A27FFB69D00F9BC61 /* Info.plist */,
			);
			path = FoodManagement2012Tests;
			sourceTree = "<group>";
		};
		661A7D6327FFB6FB00F9BC61 /* System file */ = {
			isa = PBXGroup;
			children = (
				661A7D4F27FFB69D00F9BC61 /* Info.plist */,
				661A7D4C27FFB69D00F9BC61 /* LaunchScreen.storyboard */,
				661A7D4327FFB69000F9BC61 /* AppDelegate.swift */,
				661A7D4A27FFB69D00F9BC61 /* Assets.xcassets */,
			);
			name = "System file";
			sourceTree = "<group>";
		};
		6637CC8028091ACA002D0623 /* Controls */ = {
			isa = PBXGroup;
			children = (
				6637CC8128091B20002D0623 /* RatingControl.swift */,
				6602A5BB281B7238007ACF74 /* MealTableViewCell.swift */,
			);
			name = Controls;
			sourceTree = "<group>";
		};
/* End PBXGroup section */

/* Begin PBXNativeTarget section */
		661A7D3F27FFB68F00F9BC61 /* FoodManagement2012 */ = {
			isa = PBXNativeTarget;
			buildConfigurationList = 661A7D5D27FFB69D00F9BC61 /* Build configuration list for PBXNativeTarget "FoodManagement2012" */;
			buildPhases = (
				661A7D3C27FFB68F00F9BC61 /* Sources */,
				661A7D3D27FFB68F00F9BC61 /* Frameworks */,
				661A7D3E27FFB68F00F9BC61 /* Resources */,
			);
			buildRules = (
			);
			dependencies = (
			);
			name = FoodManagement2012;
			productName = FoodManagement2012;
			productReference = 661A7D4027FFB69000F9BC61 /* FoodManagement2012.app */;
			productType = "com.apple.product-type.application";
		};
		661A7D5327FFB69D00F9BC61 /* FoodManagement2012Tests */ = {
			isa = PBXNativeTarget;
			buildConfigurationList = 661A7D6027FFB69D00F9BC61 /* Build configuration list for PBXNativeTarget "FoodManagement2012Tests" */;
			buildPhases = (
				661A7D5027FFB69D00F9BC61 /* Sources */,
				661A7D5127FFB69D00F9BC61 /* Frameworks */,
				661A7D5227FFB69D00F9BC61 /* Resources */,
			);
			buildRules = (
			);
			dependencies = (
				661A7D5627FFB69D00F9BC61 /* PBXTargetDependency */,
			);
			name = FoodManagement2012Tests;
			productName = FoodManagement2012Tests;
			productReference = 661A7D5427FFB69D00F9BC61 /* FoodManagement2012Tests.xctest */;
			productType = "com.apple.product-type.bundle.unit-test";
		};
/* End PBXNativeTarget section */

/* Begin PBXProject section */
		661A7D3827FFB68F00F9BC61 /* Project object */ = {
			isa = PBXProject;
			attributes = {
				LastSwiftUpdateCheck = 1030;
				LastUpgradeCheck = 1030;
				ORGANIZATIONNAME = fit.tdc;
				TargetAttributes = {
					661A7D3F27FFB68F00F9BC61 = {
						CreatedOnToolsVersion = 10.3;
					};
					661A7D5327FFB69D00F9BC61 = {
						CreatedOnToolsVersion = 10.3;
						TestTargetID = 661A7D3F27FFB68F00F9BC61;
					};
				};
			};
			buildConfigurationList = 661A7D3B27FFB68F00F9BC61 /* Build configuration list for PBXProject "FoodManagement2012" */;
			compatibilityVersion = "Xcode 9.3";
			developmentRegion = en;
			hasScannedForEncodings = 0;
			knownRegions = (
				en,
				Base,
			);
			mainGroup = 661A7D3727FFB68F00F9BC61;
			productRefGroup = 661A7D4127FFB69000F9BC61 /* Products */;
			projectDirPath = "";
			projectRoot = "";
			targets = (
				661A7D3F27FFB68F00F9BC61 /* FoodManagement2012 */,
				661A7D5327FFB69D00F9BC61 /* FoodManagement2012Tests */,
			);
		};
/* End PBXProject section */

/* Begin PBXResourcesBuildPhase section */
		661A7D3E27FFB68F00F9BC61 /* Resources */ = {
			isa = PBXResourcesBuildPhase;
			buildActionMask = 2147483647;
			files = (
				661A7D4E27FFB69D00F9BC61 /* LaunchScreen.storyboard in Resources */,
				661A7D4B27FFB69D00F9BC61 /* Assets.xcassets in Resources */,
				661A7D4927FFB69000F9BC61 /* Main.storyboard in Resources */,
			);
			runOnlyForDeploymentPostprocessing = 0;
		};
		661A7D5227FFB69D00F9BC61 /* Resources */ = {
			isa = PBXResourcesBuildPhase;
			buildActionMask = 2147483647;
			files = (
			);
			runOnlyForDeploymentPostprocessing = 0;
		};
/* End PBXResourcesBuildPhase section */

/* Begin PBXSourcesBuildPhase section */
		661A7D3C27FFB68F00F9BC61 /* Sources */ = {
			isa = PBXSourcesBuildPhase;
			buildActionMask = 2147483647;
			files = (
				661A7D4627FFB69000F9BC61 /* MealDetailController.swift in Sources */,
				667A46DC2824BF6900B9CA15 /* MapController.swift in Sources */,
				6637CC8228091B20002D0623 /* RatingControl.swift in Sources */,
				665B0986281266D6004E512E /* MealTableViewController.swift in Sources */,
				661A7D4427FFB69000F9BC61 /* AppDelegate.swift in Sources */,
				6602A5C4281B86F6007ACF74 /* Meal.swift in Sources */,
				6602A5BC281B7238007ACF74 /* MealTableViewCell.swift in Sources */,
			);
			runOnlyForDeploymentPostprocessing = 0;
		};
		661A7D5027FFB69D00F9BC61 /* Sources */ = {
			isa = PBXSourcesBuildPhase;
			buildActionMask = 2147483647;
			files = (
				661A7D5927FFB69D00F9BC61 /* FoodManagement2012Tests.swift in Sources */,
			);
			runOnlyForDeploymentPostprocessing = 0;
		};
/* End PBXSourcesBuildPhase section */

/* Begin PBXTargetDependency section */
		661A7D5627FFB69D00F9BC61 /* PBXTargetDependency */ = {
			isa = PBXTargetDependency;
			target = 661A7D3F27FFB68F00F9BC61 /* FoodManagement2012 */;
			targetProxy = 661A7D5527FFB69D00F9BC61 /* PBXContainerItemProxy */;
		};
/* End PBXTargetDependency section */

/* Begin PBXVariantGroup section */
		661A7D4727FFB69000F9BC61 /* Main.storyboard */ = {
			isa = PBXVariantGroup;
			children = (
				661A7D4827FFB69000F9BC61 /* Base */,
			);
			name = Main.storyboard;
			sourceTree = "<group>";
		};
		661A7D4C27FFB69D00F9BC61 /* LaunchScreen.storyboard */ = {
			isa = PBXVariantGroup;
			children = (
				661A7D4D27FFB69D00F9BC61 /* Base */,
			);
			name = LaunchScreen.storyboard;
			sourceTree = "<group>";
		};
/* End PBXVariantGroup section */

/* Begin XCBuildConfiguration section */
		661A7D5B27FFB69D00F9BC61 /* Debug */ = {
			isa = XCBuildConfiguration;
			buildSettings = {
				ALWAYS_SEARCH_USER_PATHS = NO;
				CLANG_ANALYZER_NONNULL = YES;
				CLANG_ANALYZER_NUMBER_OBJECT_CONVERSION = YES_AGGRESSIVE;
				CLANG_CXX_LANGUAGE_STANDARD = "gnu++14";
				CLANG_CXX_LIBRARY = "libc++";
				CLANG_ENABLE_MODULES = YES;
				CLANG_ENABLE_OBJC_ARC = YES;
				CLANG_ENABLE_OBJC_WEAK = YES;
				CLANG_WARN_BLOCK_CAPTURE_AUTORELEASING = YES;
				CLANG_WARN_BOOL_CONVERSION = YES;
				CLANG_WARN_COMMA = YES;
				CLANG_WARN_CONSTANT_CONVERSION = YES;
				CLANG_WARN_DEPRECATED_OBJC_IMPLEMENTATIONS = YES;
				CLANG_WARN_DIRECT_OBJC_ISA_USAGE = YES_ERROR;
				CLANG_WARN_DOCUMENTATION_COMMENTS = YES;
				CLANG_WARN_EMPTY_BODY = YES;
				CLANG_WARN_ENUM_CONVERSION = YES;
				CLANG_WARN_INFINITE_RECURSION = YES;
				CLANG_WARN_INT_CONVERSION = YES;
				CLANG_WARN_NON_LITERAL_NULL_CONVERSION = YES;
				CLANG_WARN_OBJC_IMPLICIT_RETAIN_SELF = YES;
				CLANG_WARN_OBJC_LITERAL_CONVERSION = YES;
				CLANG_WARN_OBJC_ROOT_CLASS = YES_ERROR;
				CLANG_WARN_RANGE_LOOP_ANALYSIS = YES;
				CLANG_WARN_STRICT_PROTOTYPES = YES;
				CLANG_WARN_SUSPICIOUS_MOVE = YES;
				CLANG_WARN_UNGUARDED_AVAILABILITY = YES_AGGRESSIVE;
				CLANG_WARN_UNREACHABLE_CODE = YES;
				CLANG_WARN__DUPLICATE_METHOD_MATCH = YES;
				CODE_SIGN_IDENTITY = "iPhone Developer";
				COPY_PHASE_STRIP = NO;
				DEBUG_INFORMATION_FORMAT = dwarf;
				ENABLE_STRICT_OBJC_MSGSEND = YES;
				ENABLE_TESTABILITY = YES;
				GCC_C_LANGUAGE_STANDARD = gnu11;
				GCC_DYNAMIC_NO_PIC = NO;
				GCC_NO_COMMON_BLOCKS = YES;
				GCC_OPTIMIZATION_LEVEL = 0;
				GCC_PREPROCESSOR_DEFINITIONS = (
					"DEBUG=1",
					"$(inherited)",
				);
				GCC_WARN_64_TO_32_BIT_CONVERSION = YES;
				GCC_WARN_ABOUT_RETURN_TYPE = YES_ERROR;
				GCC_WARN_UNDECLARED_SELECTOR = YES;
				GCC_WARN_UNINITIALIZED_AUTOS = YES_AGGRESSIVE;
				GCC_WARN_UNUSED_FUNCTION = YES;
				GCC_WARN_UNUSED_VARIABLE = YES;
				IPHONEOS_DEPLOYMENT_TARGET = 12.4;
				MTL_ENABLE_DEBUG_INFO = INCLUDE_SOURCE;
				MTL_FAST_MATH = YES;
				ONLY_ACTIVE_ARCH = YES;
				SDKROOT = iphoneos;
				SWIFT_ACTIVE_COMPILATION_CONDITIONS = DEBUG;
				SWIFT_OPTIMIZATION_LEVEL = "-Onone";
			};
			name = Debug;
		};
		661A7D5C27FFB69D00F9BC61 /* Release */ = {
			isa = XCBuildConfiguration;
			buildSettings = {
				ALWAYS_SEARCH_USER_PATHS = NO;
				CLANG_ANALYZER_NONNULL = YES;
				CLANG_ANALYZER_NUMBER_OBJECT_CONVERSION = YES_AGGRESSIVE;
				CLANG_CXX_LANGUAGE_STANDARD = "gnu++14";
				CLANG_CXX_LIBRARY = "libc++";
				CLANG_ENABLE_MODULES = YES;
				CLANG_ENABLE_OBJC_ARC = YES;
				CLANG_ENABLE_OBJC_WEAK = YES;
				CLANG_WARN_BLOCK_CAPTURE_AUTORELEASING = YES;
				CLANG_WARN_BOOL_CONVERSION = YES;
				CLANG_WARN_COMMA = YES;
				CLANG_WARN_CONSTANT_CONVERSION = YES;
				CLANG_WARN_DEPRECATED_OBJC_IMPLEMENTATIONS = YES;
				CLANG_WARN_DIRECT_OBJC_ISA_USAGE = YES_ERROR;
				CLANG_WARN_DOCUMENTATION_COMMENTS = YES;
				CLANG_WARN_EMPTY_BODY = YES;
				CLANG_WARN_ENUM_CONVERSION = YES;
				CLANG_WARN_INFINITE_RECURSION = YES;
				CLANG_WARN_INT_CONVERSION = YES;
				CLANG_WARN_NON_LITERAL_NULL_CONVERSION = YES;
				CLANG_WARN_OBJC_IMPLICIT_RETAIN_SELF = YES;
				CLANG_WARN_OBJC_LITERAL_CONVERSION = YES;
				CLANG_WARN_OBJC_ROOT_CLASS = YES_ERROR;
				CLANG_WARN_RANGE_LOOP_ANALYSIS = YES;
				CLANG_WARN_STRICT_PROTOTYPES = YES;
				CLANG_WARN_SUSPICIOUS_MOVE = YES;
				CLANG_WARN_UNGUARDED_AVAILABILITY = YES_AGGRESSIVE;
				CLANG_WARN_UNREACHABLE_CODE = YES;
				CLANG_WARN__DUPLICATE_METHOD_MATCH = YES;
				CODE_SIGN_IDENTITY = "iPhone Developer";
				COPY_PHASE_STRIP = NO;
				DEBUG_INFORMATION_FORMAT = "dwarf-with-dsym";
				ENABLE_NS_ASSERTIONS = NO;
				ENABLE_STRICT_OBJC_MSGSEND = YES;
				GCC_C_LANGUAGE_STANDARD = gnu11;
				GCC_NO_COMMON_BLOCKS = YES;
				GCC_WARN_64_TO_32_BIT_CONVERSION = YES;
				GCC_WARN_ABOUT_RETURN_TYPE = YES_ERROR;
				GCC_WARN_UNDECLARED_SELECTOR = YES;
				GCC_WARN_UNINITIALIZED_AUTOS = YES_AGGRESSIVE;
				GCC_WARN_UNUSED_FUNCTION = YES;
				GCC_WARN_UNUSED_VARIABLE = YES;
				IPHONEOS_DEPLOYMENT_TARGET = 12.4;
				MTL_ENABLE_DEBUG_INFO = NO;
				MTL_FAST_MATH = YES;
				SDKROOT = iphoneos;
				SWIFT_COMPILATION_MODE = wholemodule;
				SWIFT_OPTIMIZATION_LEVEL = "-O";
				VALIDATE_PRODUCT = YES;
			};
			name = Release;
		};
		661A7D5E27FFB69D00F9BC61 /* Debug */ = {
			isa = XCBuildConfiguration;
			buildSettings = {
				ASSETCATALOG_COMPILER_APPICON_NAME = AppIcon;
				CODE_SIGN_STYLE = Automatic;
				INFOPLIST_FILE = FoodManagement2012/Info.plist;
				LD_RUNPATH_SEARCH_PATHS = (
					"$(inherited)",
					"@executable_path/Frameworks",
				);
				PRODUCT_BUNDLE_IDENTIFIER = tdc.edu.vn.FoodManagement2012;
				PRODUCT_NAME = "$(TARGET_NAME)";
				SWIFT_VERSION = 5.0;
				TARGETED_DEVICE_FAMILY = "1,2";
			};
			name = Debug;
		};
		661A7D5F27FFB69D00F9BC61 /* Release */ = {
			isa = XCBuildConfiguration;
			buildSettings = {
				ASSETCATALOG_COMPILER_APPICON_NAME = AppIcon;
				CODE_SIGN_STYLE = Automatic;
				INFOPLIST_FILE = FoodManagement2012/Info.plist;
				LD_RUNPATH_SEARCH_PATHS = (
					"$(inherited)",
					"@executable_path/Frameworks",
				);
				PRODUCT_BUNDLE_IDENTIFIER = tdc.edu.vn.FoodManagement2012;
				PRODUCT_NAME = "$(TARGET_NAME)";
				SWIFT_VERSION = 5.0;
				TARGETED_DEVICE_FAMILY = "1,2";
			};
			name = Release;
		};
		661A7D6127FFB69D00F9BC61 /* Debug */ = {
			isa = XCBuildConfiguration;
			buildSettings = {
				ALWAYS_EMBED_SWIFT_STANDARD_LIBRARIES = YES;
				BUNDLE_LOADER = "$(TEST_HOST)";
				CODE_SIGN_STYLE = Automatic;
				INFOPLIST_FILE = FoodManagement2012Tests/Info.plist;
				LD_RUNPATH_SEARCH_PATHS = (
					"$(inherited)",
					"@executable_path/Frameworks",
					"@loader_path/Frameworks",
				);
				PRODUCT_BUNDLE_IDENTIFIER = tdc.edu.vn.FoodManagement2012Tests;
				PRODUCT_NAME = "$(TARGET_NAME)";
				SWIFT_VERSION = 5.0;
				TARGETED_DEVICE_FAMILY = "1,2";
				TEST_HOST = "$(BUILT_PRODUCTS_DIR)/FoodManagement2012.app/FoodManagement2012";
			};
			name = Debug;
		};
		661A7D6227FFB69D00F9BC61 /* Release */ = {
			isa = XCBuildConfiguration;
			buildSettings = {
				ALWAYS_EMBED_SWIFT_STANDARD_LIBRARIES = YES;
				BUNDLE_LOADER = "$(TEST_HOST)";
				CODE_SIGN_STYLE = Automatic;
				INFOPLIST_FILE = FoodManagement2012Tests/Info.plist;
				LD_RUNPATH_SEARCH_PATHS = (
					"$(inherited)",
					"@executable_path/Frameworks",
					"@loader_path/Frameworks",
				);
				PRODUCT_BUNDLE_IDENTIFIER = tdc.edu.vn.FoodManagement2012Tests;
				PRODUCT_NAME = "$(TARGET_NAME)";
				SWIFT_VERSION = 5.0;
				TARGETED_DEVICE_FAMILY = "1,2";
				TEST_HOST = "$(BUILT_PRODUCTS_DIR)/FoodManagement2012.app/FoodManagement2012";
			};
			name = Release;
		};
/* End XCBuildConfiguration section */

/* Begin XCConfigurationList section */
		661A7D3B27FFB68F00F9BC61 /* Build configuration list for PBXProject "FoodManagement2012" */ = {
			isa = XCConfigurationList;
			buildConfigurations = (
				661A7D5B27FFB69D00F9BC61 /* Debug */,
				661A7D5C27FFB69D00F9BC61 /* Release */,
			);
			defaultConfigurationIsVisible = 0;
			defaultConfigurationName = Release;
		};
		661A7D5D27FFB69D00F9BC61 /* Build configuration list for PBXNativeTarget "FoodManagement2012" */ = {
			isa = XCConfigurationList;
			buildConfigurations = (
				661A7D5E27FFB69D00F9BC61 /* Debug */,
				661A7D5F27FFB69D00F9BC61 /* Release */,
			);
			defaultConfigurationIsVisible = 0;
			defaultConfigurationName = Release;
		};
		661A7D6027FFB69D00F9BC61 /* Build configuration list for PBXNativeTarget "FoodManagement2012Tests" */ = {
			isa = XCConfigurationList;
			buildConfigurations = (
				661A7D6127FFB69D00F9BC61 /* Debug */,
				661A7D6227FFB69D00F9BC61 /* Release */,
			);
			defaultConfigurationIsVisible = 0;
			defaultConfigurationName = Release;
		};
/* End XCConfigurationList section */
	};
	rootObject = 661A7D3827FFB68F00F9BC61 /* Project object */;
}
